
Microsoft Visual Studio Solution File, Format Version 12.00
# Visual Studio Version 16
VisualStudioVersion = 16.0.28803.202
MinimumVisualStudioVersion = 10.0.40219.1
Project("{FAE04EC0-301F-11D3-BF4B-00C04F79EFBC}") = "FileHashExtension", "FileHashExtension\FileHashExtension.csproj", "{8A948614-F3B5-40D5-9F32-D676E0E754C9}"
EndProject
Project("{54435603-DBB4-11D2-8724-00A0C9A8B90C}") = "FileHashExtensionSetUp", "FileHashExtensionSetUp\FileHashExtensionSetUp.vdproj", "{8763E01F-FEDC-4927-A24A-4F70CEC5EB64}"
EndProject
Global
	GlobalSection(SolutionConfigurationPlatforms) = preSolution
		Debug|Any CPU = Debug|Any CPU
		Debug|Mixed Platforms = Debug|Mixed Platforms
		Debug|x86 = Debug|x86
		Release|Any CPU = Release|Any CPU
		Release|Mixed Platforms = Release|Mixed Platforms
		Release|x86 = Release|x86
	EndGlobalSection
	GlobalSection(ProjectConfigurationPlatforms) = postSolution
		{8A948614-F3B5-40D5-9F32-D676E0E754C9}.Debug|Any CPU.ActiveCfg = Debug|Any CPU
		{8A948614-F3B5-40D5-9F32-D676E0E754C9}.Debug|Any CPU.Build.0 = Debug|Any CPU
		{8A948614-F3B5-40D5-9F32-D676E0E754C9}.Debug|Mixed Platforms.ActiveCfg = Debug|Any CPU
		{8A948614-F3B5-40D5-9F32-D676E0E754C9}.Debug|Mixed Platforms.Build.0 = Debug|Any CPU
		{8A948614-F3B5-40D5-9F32-D676E0E754C9}.Debug|x86.ActiveCfg = Debug|Any CPU
		{8A948614-F3B5-40D5-9F32-D676E0E754C9}.Release|Any CPU.ActiveCfg = Release|Any CPU
		{8A948614-F3B5-40D5-9F32-D676E0E754C9}.Release|Any CPU.Build.0 = Release|Any CPU
		{8A948614-F3B5-40D5-9F32-D676E0E754C9}.Release|Mixed Platforms.ActiveCfg = Release|Any CPU
		{8A948614-F3B5-40D5-9F32-D676E0E754C9}.Release|Mixed Platforms.Build.0 = Release|Any CPU
		{8A948614-F3B5-40D5-9F32-D676E0E754C9}.Release|x86.ActiveCfg = Release|Any CPU
		{8763E01F-FEDC-4927-A24A-4F70CEC5EB64}.Debug|Any CPU.ActiveCfg = Debug
		{8763E01F-FEDC-4927-A24A-4F70CEC5EB64}.Debug|Mixed Platforms.ActiveCfg = Debug
		{8763E01F-FEDC-4927-A24A-4F70CEC5EB64}.Debug|Mixed Platforms.Build.0 = Debug
		{8763E01F-FEDC-4927-A24A-4F70CEC5EB64}.Debug|x86.ActiveCfg = Debug
		{8763E01F-FEDC-4927-A24A-4F70CEC5EB64}.Debug|x86.Build.0 = Debug
		{8763E01F-FEDC-4927-A24A-4F70CEC5EB64}.Release|Any CPU.ActiveCfg = Release
		{8763E01F-FEDC-4927-A24A-4F70CEC5EB64}.Release|Mixed Platforms.ActiveCfg = Release
		{8763E01F-FEDC-4927-A24A-4F70CEC5EB64}.Release|Mixed Platforms.Build.0 = Release
		{8763E01F-FEDC-4927-A24A-4F70CEC5EB64}.Release|x86.ActiveCfg = Release
		{8763E01F-FEDC-4927-A24A-4F70CEC5EB64}.Release|x86.Build.0 = Release
	EndGlobalSection
	GlobalSection(SolutionProperties) = preSolution
		HideSolutionNode = FALSE
	EndGlobalSection
	GlobalSection(ExtensibilityGlobals) = postSolution
		SolutionGuid = {35A7073E-F5F9-4DC4-A497-E5CBAC386897}
	EndGlobalSection
EndGlobal
